<Solution>
  <Folder Name="/Solution Items/">
    <File Path=".gitignore" />
  </Folder>
  <Folder Name="/Solution Items/docker/">
    <File Path="docker-compose.yml" />
  </Folder>
  <Project Path="Domain/Domain.csproj" />
  <Project Path="Web/Web.csproj" />
  <Project Path="MCPServer/MCPServer.csproj" />
  <Project Path="Application/Application.csproj" />
</Solution>
